
Microsoft Visual Studio Solution File, Format Version 12.00
# Visual Studio Version 17
VisualStudioVersion = 17.11.35327.3
MinimumVisualStudioVersion = 10.0.40219.1
Project("{FAE04EC0-301F-11D3-BF4B-00C04F79EFBC}") = "WhiteBoardBackEnd", "WhiteBoardBackEnd\WhiteBoardBackEnd.csproj", "{FF1F8A5A-CAF8-47E9-A57E-5DEBCBDA8B85}"
EndProject
Project("{54A90642-561A-4BB1-A94E-469ADEE60C69}") = "whiteboardfrontend", "..\WhiteBoardFrontEnd\whiteboardfrontend\whiteboardfrontend.esproj", "{4893E0B7-F455-4915-A490-1C365D25C6B0}"
EndProject
Global
	GlobalSection(SolutionConfigurationPlatforms) = preSolution
		Debug|Any CPU = Debug|Any CPU
		Release|Any CPU = Release|Any CPU
	EndGlobalSection
	GlobalSection(ProjectConfigurationPlatforms) = postSolution
		{FF1F8A5A-CAF8-47E9-A57E-5DEBCBDA8B85}.Debug|Any CPU.ActiveCfg = Debug|Any CPU
		{FF1F8A5A-CAF8-47E9-A57E-5DEBCBDA8B85}.Debug|Any CPU.Build.0 = Debug|Any CPU
		{FF1F8A5A-CAF8-47E9-A57E-5DEBCBDA8B85}.Release|Any CPU.ActiveCfg = Release|Any CPU
		{FF1F8A5A-CAF8-47E9-A57E-5DEBCBDA8B85}.Release|Any CPU.Build.0 = Release|Any CPU
		{4893E0B7-F455-4915-A490-1C365D25C6B0}.Debug|Any CPU.ActiveCfg = Debug|Any CPU
		{4893E0B7-F455-4915-A490-1C365D25C6B0}.Debug|Any CPU.Build.0 = Debug|Any CPU
		{4893E0B7-F455-4915-A490-1C365D25C6B0}.Debug|Any CPU.Deploy.0 = Debug|Any CPU
		{4893E0B7-F455-4915-A490-1C365D25C6B0}.Release|Any CPU.ActiveCfg = Release|Any CPU
		{4893E0B7-F455-4915-A490-1C365D25C6B0}.Release|Any CPU.Build.0 = Release|Any CPU
		{4893E0B7-F455-4915-A490-1C365D25C6B0}.Release|Any CPU.Deploy.0 = Release|Any CPU
	EndGlobalSection
	GlobalSection(SolutionProperties) = preSolution
		HideSolutionNode = FALSE
	EndGlobalSection
	GlobalSection(ExtensibilityGlobals) = postSolution
		SolutionGuid = {866211E2-7764-4019-A3D3-212F9CB025CF}
	EndGlobalSection
EndGlobal
